
Microsoft Visual Studio Solution File, Format Version 12.00
# Visual Studio Version 17
VisualStudioVersion = 17.5.002.0
MinimumVisualStudioVersion = 10.0.40219.1
Project("{9A19103F-16F7-4668-BE54-9A1E7A4F7556}") = "ApiLb3", "ApiLb3.csproj", "{84387999-FAE4-46A6-A425-C7294238DC30}"
EndProject
Global
	GlobalSection(SolutionConfigurationPlatforms) = preSolution
		Debug|Any CPU = Debug|Any CPU
		Release|Any CPU = Release|Any CPU
	EndGlobalSection
	GlobalSection(ProjectConfigurationPlatforms) = postSolution
		{84387999-FAE4-46A6-A425-C7294238DC30}.Debug|Any CPU.ActiveCfg = Debug|Any CPU
		{84387999-FAE4-46A6-A425-C7294238DC30}.Debug|Any CPU.Build.0 = Debug|Any CPU
		{84387999-FAE4-46A6-A425-C7294238DC30}.Release|Any CPU.ActiveCfg = Release|Any CPU
		{84387999-FAE4-46A6-A425-C7294238DC30}.Release|Any CPU.Build.0 = Release|Any CPU
	EndGlobalSection
	GlobalSection(SolutionProperties) = preSolution
		HideSolutionNode = FALSE
	EndGlobalSection
	GlobalSection(ExtensibilityGlobals) = postSolution
		SolutionGuid = {51AF79C0-9C78-4D12-9144-CDBB13D41138}
	EndGlobalSection
EndGlobal
